
Microsoft Visual Studio Solution File, Format Version 12.00
# Visual Studio 15
VisualStudioVersion = 15.0.28307.902
MinimumVisualStudioVersion = 10.0.40219.1
Project("{888888A0-9F3D-457C-B088-3A5042F75D52}") = "PythonApproximation", "PythonApproximation\PythonApproximation.pyproj", "{13A289CD-9865-4329-BD6D-E2085D70D3EC}"
EndProject
Global
	GlobalSection(SolutionConfigurationPlatforms) = preSolution
		Debug|Any CPU = Debug|Any CPU
		Release|Any CPU = Release|Any CPU
	EndGlobalSection
	GlobalSection(ProjectConfigurationPlatforms) = postSolution
		{13A289CD-9865-4329-BD6D-E2085D70D3EC}.Debug|Any CPU.ActiveCfg = Debug|Any CPU
		{13A289CD-9865-4329-BD6D-E2085D70D3EC}.Release|Any CPU.ActiveCfg = Release|Any CPU
	EndGlobalSection
	GlobalSection(SolutionProperties) = preSolution
		HideSolutionNode = FALSE
	EndGlobalSection
	GlobalSection(ExtensibilityGlobals) = postSolution
		SolutionGuid = {593AD40C-2660-4EE9-9BE7-8A95BA185574}
	EndGlobalSection
EndGlobal
